// !$*UTF8*$!
{
	archiveVersion = 1;
	classes = {
	};
	objectVersion = 50;
	objects = {

/* Begin PBXBuildFile section */
		C20B741E246E6E3B00AA9609 /* LoginUseCase.swift in Sources */ = {isa = PBXBuildFile; fileRef = C20B741D246E6E3B00AA9609 /* LoginUseCase.swift */; };
		C20B7420246E719500AA9609 /* LogInManager.swift in Sources */ = {isa = PBXBuildFile; fileRef = C20B741F246E719500AA9609 /* LogInManager.swift */; };
		C20BEFD7246FDB2700358A8E /* Authentication.swift in Sources */ = {isa = PBXBuildFile; fileRef = C20BEFD6246FDB2700358A8E /* Authentication.swift */; };
		C20BEFD9246FDD0B00358A8E /* LoginView.swift in Sources */ = {isa = PBXBuildFile; fileRef = C20BEFD8246FDD0B00358A8E /* LoginView.swift */; };
		C20BEFDB246FE09A00358A8E /* LogInViewModel.swift in Sources */ = {isa = PBXBuildFile; fileRef = C20BEFDA246FE09A00358A8E /* LogInViewModel.swift */; };
		C249744224625CE200E8C517 /* AppDelegate.swift in Sources */ = {isa = PBXBuildFile; fileRef = C249744124625CE200E8C517 /* AppDelegate.swift */; };
		C249744424625CE200E8C517 /* SceneDelegate.swift in Sources */ = {isa = PBXBuildFile; fileRef = C249744324625CE200E8C517 /* SceneDelegate.swift */; };
		C249744624625CE200E8C517 /* PlayViewController.swift in Sources */ = {isa = PBXBuildFile; fileRef = C249744524625CE200E8C517 /* PlayViewController.swift */; };
		C249744824625CE200E8C517 /* ScoreViewController.swift in Sources */ = {isa = PBXBuildFile; fileRef = C249744724625CE200E8C517 /* ScoreViewController.swift */; };
		C249744B24625CE200E8C517 /* Main.storyboard in Resources */ = {isa = PBXBuildFile; fileRef = C249744924625CE200E8C517 /* Main.storyboard */; };
		C249744D24625CE400E8C517 /* Assets.xcassets in Resources */ = {isa = PBXBuildFile; fileRef = C249744C24625CE400E8C517 /* Assets.xcassets */; };
		C249745024625CE400E8C517 /* LaunchScreen.storyboard in Resources */ = {isa = PBXBuildFile; fileRef = C249744E24625CE400E8C517 /* LaunchScreen.storyboard */; };
		C249745B24625CE500E8C517 /* BaseballTests.swift in Sources */ = {isa = PBXBuildFile; fileRef = C249745A24625CE500E8C517 /* BaseballTests.swift */; };
		C24974672462619F00E8C517 /* GameplayView.swift in Sources */ = {isa = PBXBuildFile; fileRef = C24974662462619F00E8C517 /* GameplayView.swift */; };
		C29682C02462B25900758643 /* UIColorExtensions.swift in Sources */ = {isa = PBXBuildFile; fileRef = C29682BF2462B25900758643 /* UIColorExtensions.swift */; };
		C29682C32464070B00758643 /* SuperMario256.ttf in Resources */ = {isa = PBXBuildFile; fileRef = C29682C22464070100758643 /* SuperMario256.ttf */; };
		C29682CD2467FFEF00758643 /* MatchListViewController.swift in Sources */ = {isa = PBXBuildFile; fileRef = C29682CC2467FFEF00758643 /* MatchListViewController.swift */; };
		C29682CF2468022A00758643 /* MatchCell.swift in Sources */ = {isa = PBXBuildFile; fileRef = C29682CE2468022A00758643 /* MatchCell.swift */; };
		C29682D1246802ED00758643 /* ReusableView.swift in Sources */ = {isa = PBXBuildFile; fileRef = C29682D0246802ED00758643 /* ReusableView.swift */; };
		C29682D3246804BC00758643 /* MatchListViewModel.swift in Sources */ = {isa = PBXBuildFile; fileRef = C29682D2246804BC00758643 /* MatchListViewModel.swift */; };
		C29682D5246805FA00758643 /* Match.swift in Sources */ = {isa = PBXBuildFile; fileRef = C29682D4246805FA00758643 /* Match.swift */; };
		C29682D72468161800758643 /* MatchListLayout.swift in Sources */ = {isa = PBXBuildFile; fileRef = C29682D62468161800758643 /* MatchListLayout.swift */; };
		C29800A324692DC7007A6D1D /* Endpoints.swift in Sources */ = {isa = PBXBuildFile; fileRef = C298009F24692DC7007A6D1D /* Endpoints.swift */; };
		C29800A424692DC7007A6D1D /* NetworkManager.swift in Sources */ = {isa = PBXBuildFile; fileRef = C29800A024692DC7007A6D1D /* NetworkManager.swift */; };
		C29800A524692DC7007A6D1D /* APIRouter.swift in Sources */ = {isa = PBXBuildFile; fileRef = C29800A124692DC7007A6D1D /* APIRouter.swift */; };
		C29800A624692DC7007A6D1D /* APIBuilder.swift in Sources */ = {isa = PBXBuildFile; fileRef = C29800A224692DC7007A6D1D /* APIBuilder.swift */; };
		C29800A824692F8A007A6D1D /* DefaultLocation.swift in Sources */ = {isa = PBXBuildFile; fileRef = C29800A724692F8A007A6D1D /* DefaultLocation.swift */; };
		C29800AB24693187007A6D1D /* URLProtocolMock.swift in Sources */ = {isa = PBXBuildFile; fileRef = C29800AA24693187007A6D1D /* URLProtocolMock.swift */; };
		C29800AD2469323F007A6D1D /* MatchesResponse.json in Resources */ = {isa = PBXBuildFile; fileRef = C29800AC2469323F007A6D1D /* MatchesResponse.json */; };
		C29800B02469444B007A6D1D /* MatchesUseCase.swift in Sources */ = {isa = PBXBuildFile; fileRef = C29800AF2469444A007A6D1D /* MatchesUseCase.swift */; };
		C29B1ECC246BBA390077C1A1 /* NotificationCenterExtension.swift in Sources */ = {isa = PBXBuildFile; fileRef = C29B1ECB246BBA390077C1A1 /* NotificationCenterExtension.swift */; };
		C29B1ECE246C349C0077C1A1 /* NotificationToken.swift in Sources */ = {isa = PBXBuildFile; fileRef = C29B1ECD246C349C0077C1A1 /* NotificationToken.swift */; };
		C29B1ED0246CDB000077C1A1 /* ConvexView.swift in Sources */ = {isa = PBXBuildFile; fileRef = C29B1ECF246CDB000077C1A1 /* ConvexView.swift */; };
		C29B1ED2246D1A560077C1A1 /* ConvexLayer.swift in Sources */ = {isa = PBXBuildFile; fileRef = C29B1ED1246D1A560077C1A1 /* ConvexLayer.swift */; };
		C29B1EDB246D6F090077C1A1 /* LogInViewController.swift in Sources */ = {isa = PBXBuildFile; fileRef = C29B1EDA246D6F090077C1A1 /* LogInViewController.swift */; };
		C2A62BC3246FD478005ABD30 /* AuthKeys.swift in Sources */ = {isa = PBXBuildFile; fileRef = C2A62BC2246FD478005ABD30 /* AuthKeys.swift */; };
		C2B842B42469681800448857 /* DimView.swift in Sources */ = {isa = PBXBuildFile; fileRef = C2B842B32469681800448857 /* DimView.swift */; };
/* End PBXBuildFile section */

/* Begin PBXContainerItemProxy section */
		C249745724625CE400E8C517 /* PBXContainerItemProxy */ = {
			isa = PBXContainerItemProxy;
			containerPortal = C249743624625CE200E8C517 /* Project object */;
			proxyType = 1;
			remoteGlobalIDString = C249743D24625CE200E8C517;
			remoteInfo = Baseball;
		};
/* End PBXContainerItemProxy section */

/* Begin PBXFileReference section */
		C20B741D246E6E3B00AA9609 /* LoginUseCase.swift */ = {isa = PBXFileReference; lastKnownFileType = sourcecode.swift; path = LoginUseCase.swift; sourceTree = "<group>"; };
		C20B741F246E719500AA9609 /* LogInManager.swift */ = {isa = PBXFileReference; lastKnownFileType = sourcecode.swift; path = LogInManager.swift; sourceTree = "<group>"; };
		C20BEFD6246FDB2700358A8E /* Authentication.swift */ = {isa = PBXFileReference; lastKnownFileType = sourcecode.swift; path = Authentication.swift; sourceTree = "<group>"; };
		C20BEFD8246FDD0B00358A8E /* LoginView.swift */ = {isa = PBXFileReference; lastKnownFileType = sourcecode.swift; path = LoginView.swift; sourceTree = "<group>"; };
		C20BEFDA246FE09A00358A8E /* LogInViewModel.swift */ = {isa = PBXFileReference; lastKnownFileType = sourcecode.swift; path = LogInViewModel.swift; sourceTree = "<group>"; };
		C249743E24625CE200E8C517 /* Baseball.app */ = {isa = PBXFileReference; explicitFileType = wrapper.application; includeInIndex = 0; path = Baseball.app; sourceTree = BUILT_PRODUCTS_DIR; };
		C249744124625CE200E8C517 /* AppDelegate.swift */ = {isa = PBXFileReference; lastKnownFileType = sourcecode.swift; path = AppDelegate.swift; sourceTree = "<group>"; };
		C249744324625CE200E8C517 /* SceneDelegate.swift */ = {isa = PBXFileReference; lastKnownFileType = sourcecode.swift; path = SceneDelegate.swift; sourceTree = "<group>"; };
		C249744524625CE200E8C517 /* PlayViewController.swift */ = {isa = PBXFileReference; lastKnownFileType = sourcecode.swift; path = PlayViewController.swift; sourceTree = "<group>"; };
		C249744724625CE200E8C517 /* ScoreViewController.swift */ = {isa = PBXFileReference; lastKnownFileType = sourcecode.swift; path = ScoreViewController.swift; sourceTree = "<group>"; };
		C249744A24625CE200E8C517 /* Base */ = {isa = PBXFileReference; lastKnownFileType = file.storyboard; name = Base; path = Base.lproj/Main.storyboard; sourceTree = "<group>"; };
		C249744C24625CE400E8C517 /* Assets.xcassets */ = {isa = PBXFileReference; lastKnownFileType = folder.assetcatalog; path = Assets.xcassets; sourceTree = "<group>"; };
		C249744F24625CE400E8C517 /* Base */ = {isa = PBXFileReference; lastKnownFileType = file.storyboard; name = Base; path = Base.lproj/LaunchScreen.storyboard; sourceTree = "<group>"; };
		C249745124625CE400E8C517 /* Info.plist */ = {isa = PBXFileReference; lastKnownFileType = text.plist.xml; path = Info.plist; sourceTree = "<group>"; };
		C249745624625CE400E8C517 /* BaseballTests.xctest */ = {isa = PBXFileReference; explicitFileType = wrapper.cfbundle; includeInIndex = 0; path = BaseballTests.xctest; sourceTree = BUILT_PRODUCTS_DIR; };
		C249745A24625CE500E8C517 /* BaseballTests.swift */ = {isa = PBXFileReference; lastKnownFileType = sourcecode.swift; path = BaseballTests.swift; sourceTree = "<group>"; };
		C249745C24625CE500E8C517 /* Info.plist */ = {isa = PBXFileReference; lastKnownFileType = text.plist.xml; path = Info.plist; sourceTree = "<group>"; };
		C24974662462619F00E8C517 /* GameplayView.swift */ = {isa = PBXFileReference; lastKnownFileType = sourcecode.swift; path = GameplayView.swift; sourceTree = "<group>"; };
		C29682BF2462B25900758643 /* UIColorExtensions.swift */ = {isa = PBXFileReference; lastKnownFileType = sourcecode.swift; path = UIColorExtensions.swift; sourceTree = "<group>"; };
		C29682C22464070100758643 /* SuperMario256.ttf */ = {isa = PBXFileReference; lastKnownFileType = file; path = SuperMario256.ttf; sourceTree = "<group>"; };
		C29682CC2467FFEF00758643 /* MatchListViewController.swift */ = {isa = PBXFileReference; lastKnownFileType = sourcecode.swift; path = MatchListViewController.swift; sourceTree = "<group>"; };
		C29682CE2468022A00758643 /* MatchCell.swift */ = {isa = PBXFileReference; lastKnownFileType = sourcecode.swift; path = MatchCell.swift; sourceTree = "<group>"; };
		C29682D0246802ED00758643 /* ReusableView.swift */ = {isa = PBXFileReference; lastKnownFileType = sourcecode.swift; path = ReusableView.swift; sourceTree = "<group>"; };
		C29682D2246804BC00758643 /* MatchListViewModel.swift */ = {isa = PBXFileReference; lastKnownFileType = sourcecode.swift; path = MatchListViewModel.swift; sourceTree = "<group>"; };
		C29682D4246805FA00758643 /* Match.swift */ = {isa = PBXFileReference; lastKnownFileType = sourcecode.swift; path = Match.swift; sourceTree = "<group>"; };
		C29682D62468161800758643 /* MatchListLayout.swift */ = {isa = PBXFileReference; lastKnownFileType = sourcecode.swift; path = MatchListLayout.swift; sourceTree = "<group>"; };
		C298009F24692DC7007A6D1D /* Endpoints.swift */ = {isa = PBXFileReference; fileEncoding = 4; lastKnownFileType = sourcecode.swift; path = Endpoints.swift; sourceTree = "<group>"; };
		C29800A024692DC7007A6D1D /* NetworkManager.swift */ = {isa = PBXFileReference; fileEncoding = 4; lastKnownFileType = sourcecode.swift; path = NetworkManager.swift; sourceTree = "<group>"; };
		C29800A124692DC7007A6D1D /* APIRouter.swift */ = {isa = PBXFileReference; fileEncoding = 4; lastKnownFileType = sourcecode.swift; path = APIRouter.swift; sourceTree = "<group>"; };
		C29800A224692DC7007A6D1D /* APIBuilder.swift */ = {isa = PBXFileReference; fileEncoding = 4; lastKnownFileType = sourcecode.swift; path = APIBuilder.swift; sourceTree = "<group>"; };
		C29800A724692F8A007A6D1D /* DefaultLocation.swift */ = {isa = PBXFileReference; fileEncoding = 4; lastKnownFileType = sourcecode.swift; path = DefaultLocation.swift; sourceTree = "<group>"; };
		C29800AA24693187007A6D1D /* URLProtocolMock.swift */ = {isa = PBXFileReference; fileEncoding = 4; lastKnownFileType = sourcecode.swift; path = URLProtocolMock.swift; sourceTree = "<group>"; };
		C29800AC2469323F007A6D1D /* MatchesResponse.json */ = {isa = PBXFileReference; fileEncoding = 4; lastKnownFileType = text.json; path = MatchesResponse.json; sourceTree = "<group>"; };
		C29800AF2469444A007A6D1D /* MatchesUseCase.swift */ = {isa = PBXFileReference; lastKnownFileType = sourcecode.swift; path = MatchesUseCase.swift; sourceTree = "<group>"; };
		C29B1ECB246BBA390077C1A1 /* NotificationCenterExtension.swift */ = {isa = PBXFileReference; lastKnownFileType = sourcecode.swift; path = NotificationCenterExtension.swift; sourceTree = "<group>"; };
		C29B1ECD246C349C0077C1A1 /* NotificationToken.swift */ = {isa = PBXFileReference; lastKnownFileType = sourcecode.swift; path = NotificationToken.swift; sourceTree = "<group>"; };
		C29B1ECF246CDB000077C1A1 /* ConvexView.swift */ = {isa = PBXFileReference; lastKnownFileType = sourcecode.swift; path = ConvexView.swift; sourceTree = "<group>"; };
		C29B1ED1246D1A560077C1A1 /* ConvexLayer.swift */ = {isa = PBXFileReference; lastKnownFileType = sourcecode.swift; path = ConvexLayer.swift; sourceTree = "<group>"; };
		C29B1EDA246D6F090077C1A1 /* LogInViewController.swift */ = {isa = PBXFileReference; fileEncoding = 4; lastKnownFileType = sourcecode.swift; path = LogInViewController.swift; sourceTree = "<group>"; };
		C2A62BC2246FD478005ABD30 /* AuthKeys.swift */ = {isa = PBXFileReference; lastKnownFileType = sourcecode.swift; path = AuthKeys.swift; sourceTree = "<group>"; };
		C2B842B32469681800448857 /* DimView.swift */ = {isa = PBXFileReference; lastKnownFileType = sourcecode.swift; path = DimView.swift; sourceTree = "<group>"; };
/* End PBXFileReference section */

/* Begin PBXFrameworksBuildPhase section */
		C249743B24625CE200E8C517 /* Frameworks */ = {
			isa = PBXFrameworksBuildPhase;
			buildActionMask = 2147483647;
			files = (
			);
			runOnlyForDeploymentPostprocessing = 0;
		};
		C249745324625CE400E8C517 /* Frameworks */ = {
			isa = PBXFrameworksBuildPhase;
			buildActionMask = 2147483647;
			files = (
			);
			runOnlyForDeploymentPostprocessing = 0;
		};
/* End PBXFrameworksBuildPhase section */

/* Begin PBXGroup section */
		C249743524625CE200E8C517 = {
			isa = PBXGroup;
			children = (
				C249744024625CE200E8C517 /* Baseball */,
				C249745924625CE500E8C517 /* BaseballTests */,
				C249743F24625CE200E8C517 /* Products */,
			);
			sourceTree = "<group>";
		};
		C249743F24625CE200E8C517 /* Products */ = {
			isa = PBXGroup;
			children = (
				C249743E24625CE200E8C517 /* Baseball.app */,
				C249745624625CE400E8C517 /* BaseballTests.xctest */,
			);
			name = Products;
			sourceTree = "<group>";
		};
		C249744024625CE200E8C517 /* Baseball */ = {
			isa = PBXGroup;
			children = (
				C29682BE2462B24700758643 /* Utils */,
				C24974652462601A00E8C517 /* Views */,
				C29682C62467F7CC00758643 /* ViewModels */,
				C29682C82467F81000758643 /* Delegates */,
				C29682C92467F81D00758643 /* Controllers */,
				C29800AE24694423007A6D1D /* UseCases */,
				C29682C72467F7DB00758643 /* Models */,
				C29682CB2467F89300758643 /* Networking */,
				C249744124625CE200E8C517 /* AppDelegate.swift */,
				C249744324625CE200E8C517 /* SceneDelegate.swift */,
				C249744924625CE200E8C517 /* Main.storyboard */,
				C249744E24625CE400E8C517 /* LaunchScreen.storyboard */,
				C249745124625CE400E8C517 /* Info.plist */,
				C29682C1246406B800758643 /* Resources */,
			);
			path = Baseball;
			sourceTree = "<group>";
		};
		C249745924625CE500E8C517 /* BaseballTests */ = {
			isa = PBXGroup;
			children = (
				C249745A24625CE500E8C517 /* BaseballTests.swift */,
				C249745C24625CE500E8C517 /* Info.plist */,
			);
			path = BaseballTests;
			sourceTree = "<group>";
		};
		C24974652462601A00E8C517 /* Views */ = {
			isa = PBXGroup;
			children = (
				C24974662462619F00E8C517 /* GameplayView.swift */,
				C29682CE2468022A00758643 /* MatchCell.swift */,
				C29B1ECF246CDB000077C1A1 /* ConvexView.swift */,
				C29B1ED1246D1A560077C1A1 /* ConvexLayer.swift */,
				C2B842B32469681800448857 /* DimView.swift */,
				C20BEFD8246FDD0B00358A8E /* LoginView.swift */,
			);
			path = Views;
			sourceTree = "<group>";
		};
		C29682BE2462B24700758643 /* Utils */ = {
			isa = PBXGroup;
			children = (
				C29682BF2462B25900758643 /* UIColorExtensions.swift */,
				C29682D0246802ED00758643 /* ReusableView.swift */,
				C29B1ECB246BBA390077C1A1 /* NotificationCenterExtension.swift */,
				C29B1ECD246C349C0077C1A1 /* NotificationToken.swift */,
			);
			path = Utils;
			sourceTree = "<group>";
		};
		C29682C1246406B800758643 /* Resources */ = {
			isa = PBXGroup;
			children = (
				C29682C22464070100758643 /* SuperMario256.ttf */,
				C249744C24625CE400E8C517 /* Assets.xcassets */,
			);
			path = Resources;
			sourceTree = "<group>";
		};
		C29682C62467F7CC00758643 /* ViewModels */ = {
			isa = PBXGroup;
			children = (
				C29682D2246804BC00758643 /* MatchListViewModel.swift */,
				C20BEFDA246FE09A00358A8E /* LogInViewModel.swift */,
			);
			path = ViewModels;
			sourceTree = "<group>";
		};
		C29682C72467F7DB00758643 /* Models */ = {
			isa = PBXGroup;
			children = (
				C29682D4246805FA00758643 /* Match.swift */,
				C29800A724692F8A007A6D1D /* DefaultLocation.swift */,
				C20BEFD6246FDB2700358A8E /* Authentication.swift */,
			);
			path = Models;
			sourceTree = "<group>";
		};
		C29682C82467F81000758643 /* Delegates */ = {
			isa = PBXGroup;
			children = (
				C29682D62468161800758643 /* MatchListLayout.swift */,
			);
			path = Delegates;
			sourceTree = "<group>";
		};
		C29682C92467F81D00758643 /* Controllers */ = {
			isa = PBXGroup;
			children = (
				C29B1EDA246D6F090077C1A1 /* LogInViewController.swift */,
				C249744524625CE200E8C517 /* PlayViewController.swift */,
				C249744724625CE200E8C517 /* ScoreViewController.swift */,
				C29682CC2467FFEF00758643 /* MatchListViewController.swift */,
			);
			path = Controllers;
			sourceTree = "<group>";
		};
		C29682CB2467F89300758643 /* Networking */ = {
			isa = PBXGroup;
			children = (
				C29800A924693122007A6D1D /* Mocking */,
				C29800A224692DC7007A6D1D /* APIBuilder.swift */,
				C29800A124692DC7007A6D1D /* APIRouter.swift */,
				C298009F24692DC7007A6D1D /* Endpoints.swift */,
				C2A62BC2246FD478005ABD30 /* AuthKeys.swift */,
				C29800A024692DC7007A6D1D /* NetworkManager.swift */,
				C20B741F246E719500AA9609 /* LogInManager.swift */,
			);
			path = Networking;
			sourceTree = "<group>";
		};
		C29800A924693122007A6D1D /* Mocking */ = {
			isa = PBXGroup;
			children = (
				C29800AC2469323F007A6D1D /* MatchesResponse.json */,
				C29800AA24693187007A6D1D /* URLProtocolMock.swift */,
			);
			path = Mocking;
			sourceTree = "<group>";
		};
		C29800AE24694423007A6D1D /* UseCases */ = {
			isa = PBXGroup;
			children = (
				C29800AF2469444A007A6D1D /* MatchesUseCase.swift */,
				C20B741D246E6E3B00AA9609 /* LoginUseCase.swift */,
			);
			path = UseCases;
			sourceTree = "<group>";
		};
/* End PBXGroup section */

/* Begin PBXNativeTarget section */
		C249743D24625CE200E8C517 /* Baseball */ = {
			isa = PBXNativeTarget;
			buildConfigurationList = C249745F24625CE500E8C517 /* Build configuration list for PBXNativeTarget "Baseball" */;
			buildPhases = (
				C249743A24625CE200E8C517 /* Sources */,
				C249743B24625CE200E8C517 /* Frameworks */,
				C249743C24625CE200E8C517 /* Resources */,
			);
			buildRules = (
			);
			dependencies = (
			);
			name = Baseball;
			productName = Baseball;
			productReference = C249743E24625CE200E8C517 /* Baseball.app */;
			productType = "com.apple.product-type.application";
		};
		C249745524625CE400E8C517 /* BaseballTests */ = {
			isa = PBXNativeTarget;
			buildConfigurationList = C249746224625CE500E8C517 /* Build configuration list for PBXNativeTarget "BaseballTests" */;
			buildPhases = (
				C249745224625CE400E8C517 /* Sources */,
				C249745324625CE400E8C517 /* Frameworks */,
				C249745424625CE400E8C517 /* Resources */,
			);
			buildRules = (
			);
			dependencies = (
				C249745824625CE400E8C517 /* PBXTargetDependency */,
			);
			name = BaseballTests;
			productName = BaseballTests;
			productReference = C249745624625CE400E8C517 /* BaseballTests.xctest */;
			productType = "com.apple.product-type.bundle.unit-test";
		};
/* End PBXNativeTarget section */

/* Begin PBXProject section */
		C249743624625CE200E8C517 /* Project object */ = {
			isa = PBXProject;
			attributes = {
				LastSwiftUpdateCheck = 1140;
				LastUpgradeCheck = 1140;
				ORGANIZATIONNAME = "Chaewan Park";
				TargetAttributes = {
					C249743D24625CE200E8C517 = {
						CreatedOnToolsVersion = 11.4.1;
					};
					C249745524625CE400E8C517 = {
						CreatedOnToolsVersion = 11.4.1;
						TestTargetID = C249743D24625CE200E8C517;
					};
				};
			};
			buildConfigurationList = C249743924625CE200E8C517 /* Build configuration list for PBXProject "Baseball" */;
			compatibilityVersion = "Xcode 9.3";
			developmentRegion = en;
			hasScannedForEncodings = 0;
			knownRegions = (
				en,
				Base,
			);
			mainGroup = C249743524625CE200E8C517;
			productRefGroup = C249743F24625CE200E8C517 /* Products */;
			projectDirPath = "";
			projectRoot = "";
			targets = (
				C249743D24625CE200E8C517 /* Baseball */,
				C249745524625CE400E8C517 /* BaseballTests */,
			);
		};
/* End PBXProject section */

/* Begin PBXResourcesBuildPhase section */
		C249743C24625CE200E8C517 /* Resources */ = {
			isa = PBXResourcesBuildPhase;
			buildActionMask = 2147483647;
			files = (
				C249745024625CE400E8C517 /* LaunchScreen.storyboard in Resources */,
				C29682C32464070B00758643 /* SuperMario256.ttf in Resources */,
				C249744D24625CE400E8C517 /* Assets.xcassets in Resources */,
				C29800AD2469323F007A6D1D /* MatchesResponse.json in Resources */,
				C249744B24625CE200E8C517 /* Main.storyboard in Resources */,
			);
			runOnlyForDeploymentPostprocessing = 0;
		};
		C249745424625CE400E8C517 /* Resources */ = {
			isa = PBXResourcesBuildPhase;
			buildActionMask = 2147483647;
			files = (
			);
			runOnlyForDeploymentPostprocessing = 0;
		};
/* End PBXResourcesBuildPhase section */

/* Begin PBXSourcesBuildPhase section */
		C249743A24625CE200E8C517 /* Sources */ = {
			isa = PBXSourcesBuildPhase;
			buildActionMask = 2147483647;
			files = (
				C29682CF2468022A00758643 /* MatchCell.swift in Sources */,
				C29800AB24693187007A6D1D /* URLProtocolMock.swift in Sources */,
				C29800A524692DC7007A6D1D /* APIRouter.swift in Sources */,
				C29682D1246802ED00758643 /* ReusableView.swift in Sources */,
				C29B1ECE246C349C0077C1A1 /* NotificationToken.swift in Sources */,
				C29800A824692F8A007A6D1D /* DefaultLocation.swift in Sources */,
				C29800A324692DC7007A6D1D /* Endpoints.swift in Sources */,
				C29682CD2467FFEF00758643 /* MatchListViewController.swift in Sources */,
				C20B7420246E719500AA9609 /* LogInManager.swift in Sources */,
				C29B1ECC246BBA390077C1A1 /* NotificationCenterExtension.swift in Sources */,
				C249744824625CE200E8C517 /* ScoreViewController.swift in Sources */,
				C2A62BC3246FD478005ABD30 /* AuthKeys.swift in Sources */,
				C24974672462619F00E8C517 /* GameplayView.swift in Sources */,
				C20B741E246E6E3B00AA9609 /* LoginUseCase.swift in Sources */,
				C2B842B42469681800448857 /* DimView.swift in Sources */,
				C249744624625CE200E8C517 /* PlayViewController.swift in Sources */,
				C29B1ED0246CDB000077C1A1 /* ConvexView.swift in Sources */,
				C20BEFDB246FE09A00358A8E /* LogInViewModel.swift in Sources */,
				C29682C02462B25900758643 /* UIColorExtensions.swift in Sources */,
				C20BEFD9246FDD0B00358A8E /* LoginView.swift in Sources */,
				C249744224625CE200E8C517 /* AppDelegate.swift in Sources */,
				C249744424625CE200E8C517 /* SceneDelegate.swift in Sources */,
				C29800A424692DC7007A6D1D /* NetworkManager.swift in Sources */,
				C29800A624692DC7007A6D1D /* APIBuilder.swift in Sources */,
				C29682D3246804BC00758643 /* MatchListViewModel.swift in Sources */,
				C29B1ED2246D1A560077C1A1 /* ConvexLayer.swift in Sources */,
				C29682D72468161800758643 /* MatchListLayout.swift in Sources */,
				C20BEFD7246FDB2700358A8E /* Authentication.swift in Sources */,
				C29800B02469444B007A6D1D /* MatchesUseCase.swift in Sources */,
				C29B1EDB246D6F090077C1A1 /* LogInViewController.swift in Sources */,
				C29682D5246805FA00758643 /* Match.swift in Sources */,
			);
			runOnlyForDeploymentPostprocessing = 0;
		};
		C249745224625CE400E8C517 /* Sources */ = {
			isa = PBXSourcesBuildPhase;
			buildActionMask = 2147483647;
			files = (
				C249745B24625CE500E8C517 /* BaseballTests.swift in Sources */,
			);
			runOnlyForDeploymentPostprocessing = 0;
		};
/* End PBXSourcesBuildPhase section */

/* Begin PBXTargetDependency section */
		C249745824625CE400E8C517 /* PBXTargetDependency */ = {
			isa = PBXTargetDependency;
			target = C249743D24625CE200E8C517 /* Baseball */;
			targetProxy = C249745724625CE400E8C517 /* PBXContainerItemProxy */;
		};
/* End PBXTargetDependency section */

/* Begin PBXVariantGroup section */
		C249744924625CE200E8C517 /* Main.storyboard */ = {
			isa = PBXVariantGroup;
			children = (
				C249744A24625CE200E8C517 /* Base */,
			);
			name = Main.storyboard;
			sourceTree = "<group>";
		};
		C249744E24625CE400E8C517 /* LaunchScreen.storyboard */ = {
			isa = PBXVariantGroup;
			children = (
				C249744F24625CE400E8C517 /* Base */,
			);
			name = LaunchScreen.storyboard;
			sourceTree = "<group>";
		};
/* End PBXVariantGroup section */

/* Begin XCBuildConfiguration section */
		C249745D24625CE500E8C517 /* Debug */ = {
			isa = XCBuildConfiguration;
			buildSettings = {
				ALWAYS_SEARCH_USER_PATHS = NO;
				CLANG_ANALYZER_NONNULL = YES;
				CLANG_ANALYZER_NUMBER_OBJECT_CONVERSION = YES_AGGRESSIVE;
				CLANG_CXX_LANGUAGE_STANDARD = "gnu++14";
				CLANG_CXX_LIBRARY = "libc++";
				CLANG_ENABLE_MODULES = YES;
				CLANG_ENABLE_OBJC_ARC = YES;
				CLANG_ENABLE_OBJC_WEAK = YES;
				CLANG_WARN_BLOCK_CAPTURE_AUTORELEASING = YES;
				CLANG_WARN_BOOL_CONVERSION = YES;
				CLANG_WARN_COMMA = YES;
				CLANG_WARN_CONSTANT_CONVERSION = YES;
				CLANG_WARN_DEPRECATED_OBJC_IMPLEMENTATIONS = YES;
				CLANG_WARN_DIRECT_OBJC_ISA_USAGE = YES_ERROR;
				CLANG_WARN_DOCUMENTATION_COMMENTS = YES;
				CLANG_WARN_EMPTY_BODY = YES;
				CLANG_WARN_ENUM_CONVERSION = YES;
				CLANG_WARN_INFINITE_RECURSION = YES;
				CLANG_WARN_INT_CONVERSION = YES;
				CLANG_WARN_NON_LITERAL_NULL_CONVERSION = YES;
				CLANG_WARN_OBJC_IMPLICIT_RETAIN_SELF = YES;
				CLANG_WARN_OBJC_LITERAL_CONVERSION = YES;
				CLANG_WARN_OBJC_ROOT_CLASS = YES_ERROR;
				CLANG_WARN_RANGE_LOOP_ANALYSIS = YES;
				CLANG_WARN_STRICT_PROTOTYPES = YES;
				CLANG_WARN_SUSPICIOUS_MOVE = YES;
				CLANG_WARN_UNGUARDED_AVAILABILITY = YES_AGGRESSIVE;
				CLANG_WARN_UNREACHABLE_CODE = YES;
				CLANG_WARN__DUPLICATE_METHOD_MATCH = YES;
				COPY_PHASE_STRIP = NO;
				DEBUG_INFORMATION_FORMAT = dwarf;
				ENABLE_STRICT_OBJC_MSGSEND = YES;
				ENABLE_TESTABILITY = YES;
				GCC_C_LANGUAGE_STANDARD = gnu11;
				GCC_DYNAMIC_NO_PIC = NO;
				GCC_NO_COMMON_BLOCKS = YES;
				GCC_OPTIMIZATION_LEVEL = 0;
				GCC_PREPROCESSOR_DEFINITIONS = (
					"DEBUG=1",
					"$(inherited)",
				);
				GCC_WARN_64_TO_32_BIT_CONVERSION = YES;
				GCC_WARN_ABOUT_RETURN_TYPE = YES_ERROR;
				GCC_WARN_UNDECLARED_SELECTOR = YES;
				GCC_WARN_UNINITIALIZED_AUTOS = YES_AGGRESSIVE;
				GCC_WARN_UNUSED_FUNCTION = YES;
				GCC_WARN_UNUSED_VARIABLE = YES;
				IPHONEOS_DEPLOYMENT_TARGET = 13.4;
				MTL_ENABLE_DEBUG_INFO = INCLUDE_SOURCE;
				MTL_FAST_MATH = YES;
				ONLY_ACTIVE_ARCH = YES;
				SDKROOT = iphoneos;
				SWIFT_ACTIVE_COMPILATION_CONDITIONS = DEBUG;
				SWIFT_OPTIMIZATION_LEVEL = "-Onone";
			};
			name = Debug;
		};
		C249745E24625CE500E8C517 /* Release */ = {
			isa = XCBuildConfiguration;
			buildSettings = {
				ALWAYS_SEARCH_USER_PATHS = NO;
				CLANG_ANALYZER_NONNULL = YES;
				CLANG_ANALYZER_NUMBER_OBJECT_CONVERSION = YES_AGGRESSIVE;
				CLANG_CXX_LANGUAGE_STANDARD = "gnu++14";
				CLANG_CXX_LIBRARY = "libc++";
				CLANG_ENABLE_MODULES = YES;
				CLANG_ENABLE_OBJC_ARC = YES;
				CLANG_ENABLE_OBJC_WEAK = YES;
				CLANG_WARN_BLOCK_CAPTURE_AUTORELEASING = YES;
				CLANG_WARN_BOOL_CONVERSION = YES;
				CLANG_WARN_COMMA = YES;
				CLANG_WARN_CONSTANT_CONVERSION = YES;
				CLANG_WARN_DEPRECATED_OBJC_IMPLEMENTATIONS = YES;
				CLANG_WARN_DIRECT_OBJC_ISA_USAGE = YES_ERROR;
				CLANG_WARN_DOCUMENTATION_COMMENTS = YES;
				CLANG_WARN_EMPTY_BODY = YES;
				CLANG_WARN_ENUM_CONVERSION = YES;
				CLANG_WARN_INFINITE_RECURSION = YES;
				CLANG_WARN_INT_CONVERSION = YES;
				CLANG_WARN_NON_LITERAL_NULL_CONVERSION = YES;
				CLANG_WARN_OBJC_IMPLICIT_RETAIN_SELF = YES;
				CLANG_WARN_OBJC_LITERAL_CONVERSION = YES;
				CLANG_WARN_OBJC_ROOT_CLASS = YES_ERROR;
				CLANG_WARN_RANGE_LOOP_ANALYSIS = YES;
				CLANG_WARN_STRICT_PROTOTYPES = YES;
				CLANG_WARN_SUSPICIOUS_MOVE = YES;
				CLANG_WARN_UNGUARDED_AVAILABILITY = YES_AGGRESSIVE;
				CLANG_WARN_UNREACHABLE_CODE = YES;
				CLANG_WARN__DUPLICATE_METHOD_MATCH = YES;
				COPY_PHASE_STRIP = NO;
				DEBUG_INFORMATION_FORMAT = "dwarf-with-dsym";
				ENABLE_NS_ASSERTIONS = NO;
				ENABLE_STRICT_OBJC_MSGSEND = YES;
				GCC_C_LANGUAGE_STANDARD = gnu11;
				GCC_NO_COMMON_BLOCKS = YES;
				GCC_WARN_64_TO_32_BIT_CONVERSION = YES;
				GCC_WARN_ABOUT_RETURN_TYPE = YES_ERROR;
				GCC_WARN_UNDECLARED_SELECTOR = YES;
				GCC_WARN_UNINITIALIZED_AUTOS = YES_AGGRESSIVE;
				GCC_WARN_UNUSED_FUNCTION = YES;
				GCC_WARN_UNUSED_VARIABLE = YES;
				IPHONEOS_DEPLOYMENT_TARGET = 13.4;
				MTL_ENABLE_DEBUG_INFO = NO;
				MTL_FAST_MATH = YES;
				SDKROOT = iphoneos;
				SWIFT_COMPILATION_MODE = wholemodule;
				SWIFT_OPTIMIZATION_LEVEL = "-O";
				VALIDATE_PRODUCT = YES;
			};
			name = Release;
		};
		C249746024625CE500E8C517 /* Debug */ = {
			isa = XCBuildConfiguration;
			buildSettings = {
				ASSETCATALOG_COMPILER_APPICON_NAME = AppIcon;
				CODE_SIGN_STYLE = Automatic;
				DEVELOPMENT_TEAM = 7R8M75S4BH;
				INFOPLIST_FILE = Baseball/Info.plist;
				LD_RUNPATH_SEARCH_PATHS = (
					"$(inherited)",
					"@executable_path/Frameworks",
				);
				PRODUCT_BUNDLE_IDENTIFIER = com.seizze.Baseball;
				PRODUCT_NAME = "$(TARGET_NAME)";
				SWIFT_VERSION = 5.0;
				TARGETED_DEVICE_FAMILY = "1,2";
			};
			name = Debug;
		};
		C249746124625CE500E8C517 /* Release */ = {
			isa = XCBuildConfiguration;
			buildSettings = {
				ASSETCATALOG_COMPILER_APPICON_NAME = AppIcon;
				CODE_SIGN_STYLE = Automatic;
				DEVELOPMENT_TEAM = 7R8M75S4BH;
				INFOPLIST_FILE = Baseball/Info.plist;
				LD_RUNPATH_SEARCH_PATHS = (
					"$(inherited)",
					"@executable_path/Frameworks",
				);
				PRODUCT_BUNDLE_IDENTIFIER = com.seizze.Baseball;
				PRODUCT_NAME = "$(TARGET_NAME)";
				SWIFT_VERSION = 5.0;
				TARGETED_DEVICE_FAMILY = "1,2";
			};
			name = Release;
		};
		C249746324625CE500E8C517 /* Debug */ = {
			isa = XCBuildConfiguration;
			buildSettings = {
				ALWAYS_EMBED_SWIFT_STANDARD_LIBRARIES = YES;
				BUNDLE_LOADER = "$(TEST_HOST)";
				CODE_SIGN_STYLE = Automatic;
				DEVELOPMENT_TEAM = 7R8M75S4BH;
				INFOPLIST_FILE = BaseballTests/Info.plist;
				IPHONEOS_DEPLOYMENT_TARGET = 13.4;
				LD_RUNPATH_SEARCH_PATHS = (
					"$(inherited)",
					"@executable_path/Frameworks",
					"@loader_path/Frameworks",
				);
				PRODUCT_BUNDLE_IDENTIFIER = com.seizze.BaseballTests;
				PRODUCT_NAME = "$(TARGET_NAME)";
				SWIFT_VERSION = 5.0;
				TARGETED_DEVICE_FAMILY = "1,2";
				TEST_HOST = "$(BUILT_PRODUCTS_DIR)/Baseball.app/Baseball";
			};
			name = Debug;
		};
		C249746424625CE500E8C517 /* Release */ = {
			isa = XCBuildConfiguration;
			buildSettings = {
				ALWAYS_EMBED_SWIFT_STANDARD_LIBRARIES = YES;
				BUNDLE_LOADER = "$(TEST_HOST)";
				CODE_SIGN_STYLE = Automatic;
				DEVELOPMENT_TEAM = 7R8M75S4BH;
				INFOPLIST_FILE = BaseballTests/Info.plist;
				IPHONEOS_DEPLOYMENT_TARGET = 13.4;
				LD_RUNPATH_SEARCH_PATHS = (
					"$(inherited)",
					"@executable_path/Frameworks",
					"@loader_path/Frameworks",
				);
				PRODUCT_BUNDLE_IDENTIFIER = com.seizze.BaseballTests;
				PRODUCT_NAME = "$(TARGET_NAME)";
				SWIFT_VERSION = 5.0;
				TARGETED_DEVICE_FAMILY = "1,2";
				TEST_HOST = "$(BUILT_PRODUCTS_DIR)/Baseball.app/Baseball";
			};
			name = Release;
		};
/* End XCBuildConfiguration section */

/* Begin XCConfigurationList section */
		C249743924625CE200E8C517 /* Build configuration list for PBXProject "Baseball" */ = {
			isa = XCConfigurationList;
			buildConfigurations = (
				C249745D24625CE500E8C517 /* Debug */,
				C249745E24625CE500E8C517 /* Release */,
			);
			defaultConfigurationIsVisible = 0;
			defaultConfigurationName = Release;
		};
		C249745F24625CE500E8C517 /* Build configuration list for PBXNativeTarget "Baseball" */ = {
			isa = XCConfigurationList;
			buildConfigurations = (
				C249746024625CE500E8C517 /* Debug */,
				C249746124625CE500E8C517 /* Release */,
			);
			defaultConfigurationIsVisible = 0;
			defaultConfigurationName = Release;
		};
		C249746224625CE500E8C517 /* Build configuration list for PBXNativeTarget "BaseballTests" */ = {
			isa = XCConfigurationList;
			buildConfigurations = (
				C249746324625CE500E8C517 /* Debug */,
				C249746424625CE500E8C517 /* Release */,
			);
			defaultConfigurationIsVisible = 0;
			defaultConfigurationName = Release;
		};
/* End XCConfigurationList section */
	};
	rootObject = C249743624625CE200E8C517 /* Project object */;
}
